{
    "_meta": {
        "hash": {
            "sha256": "b8e39305134263e816a37dae615e752e7dcdb2d99644bc489c7edd6dcd04759e"
        },
        "pipfile-spec": 6,
        "requires": {
            "python_version": "3.9"
        },
        "sources": [
            {
                "name": "pypi",
                "url": "https://pypi.org/simple",
                "verify_ssl": true
            }
        ]
    },
    "default": {
        "antlr4-python3-runtime": {
            "hashes": [
                "sha256:0d5454928ae40c8a6b653caa35046cd8492c8743b5fbc22ff4009099d074c7ae",
                "sha256:53e6e208cf4a1ad53fb8b1b4467b756375a4f827331e290618aedcf481cb1d5c"
            ],
            "index": "pypi",
            "version": "==4.13.0"
        },
        "antlr4-tools": {
            "hashes": [
                "sha256:59a192826963c5a94e982c0b3d8e9439a84f051f47c8fae1169f6331139ebf39",
                "sha256:9e44b636fec5c6daf890d479378b6fe684b62de32084baeabaf51c352fd9a7e0"
            ],
            "index": "pypi",
            "version": "==0.2"
        },
        "compiler": {
            "editable": true,
            "path": "."
        },
        "install-jdk": {
            "hashes": [
                "sha256:2bfd53caf660e4916df0215a5715519dcb9547fa2a5f07421fd97a8046851eaa",
                "sha256:b63f0fcd63f7abab3443d4120ba92716397753b8a8ea3c85762a629925a9936e"
            ],
            "markers": "python_version >= '3.6' and python_version < '4.0'",
            "version": "==1.1.0"
        }
    },
    "develop": {}
}
